
Microsoft Visual Studio Solution File, Format Version 12.00
# Visual Studio Version 16
VisualStudioVersion = 16.0.29920.165
MinimumVisualStudioVersion = 10.0.40219.1
Project("{9A19103F-16F7-4668-BE54-9A1E7A4F7556}") = "project", "project.csproj", "{8DC1646C-7D87-40A3-A949-F58ECD112663}"
EndProject
Global
	GlobalSection(SolutionConfigurationPlatforms) = preSolution
		Debug|Any CPU = Debug|Any CPU
		Release|Any CPU = Release|Any CPU
	EndGlobalSection
	GlobalSection(ProjectConfigurationPlatforms) = postSolution
		{8DC1646C-7D87-40A3-A949-F58ECD112663}.Debug|Any CPU.ActiveCfg = Debug|Any CPU
		{8DC1646C-7D87-40A3-A949-F58ECD112663}.Debug|Any CPU.Build.0 = Debug|Any CPU
		{8DC1646C-7D87-40A3-A949-F58ECD112663}.Release|Any CPU.ActiveCfg = Release|Any CPU
		{8DC1646C-7D87-40A3-A949-F58ECD112663}.Release|Any CPU.Build.0 = Release|Any CPU
	EndGlobalSection
	GlobalSection(SolutionProperties) = preSolution
		HideSolutionNode = FALSE
	EndGlobalSection
	GlobalSection(ExtensibilityGlobals) = postSolution
		SolutionGuid = {ED808859-C86D-48D3-83B6-EF272FC266AE}
	EndGlobalSection
EndGlobal
